
Microsoft Visual Studio Solution File, Format Version 12.00
# Visual Studio Version 16
VisualStudioVersion = 16.0.810.9
MinimumVisualStudioVersion = 10.0.40219.1
Project("{FAE04EC0-301F-11D3-BF4B-00C04F79EFBC}") = "LocationRESTAPI", "LocationRESTAPI\LocationRESTAPI.csproj", "{7DB01FE7-7C0C-46CF-9D44-21EDB10E751A}"
EndProject
Global
	GlobalSection(SolutionConfigurationPlatforms) = preSolution
		Debug|Any CPU = Debug|Any CPU
		Release|Any CPU = Release|Any CPU
	EndGlobalSection
	GlobalSection(ProjectConfigurationPlatforms) = postSolution
		{7DB01FE7-7C0C-46CF-9D44-21EDB10E751A}.Debug|Any CPU.ActiveCfg = Debug|Any CPU
		{7DB01FE7-7C0C-46CF-9D44-21EDB10E751A}.Debug|Any CPU.Build.0 = Debug|Any CPU
		{7DB01FE7-7C0C-46CF-9D44-21EDB10E751A}.Release|Any CPU.ActiveCfg = Release|Any CPU
		{7DB01FE7-7C0C-46CF-9D44-21EDB10E751A}.Release|Any CPU.Build.0 = Release|Any CPU
	EndGlobalSection
	GlobalSection(SolutionProperties) = preSolution
		HideSolutionNode = FALSE
	EndGlobalSection
	GlobalSection(ExtensibilityGlobals) = postSolution
		SolutionGuid = {DF3261CD-CF8B-4BC3-A798-7429801E5531}
	EndGlobalSection
EndGlobal
